
Microsoft Visual Studio Solution File, Format Version 12.00
# Visual Studio Version 16
VisualStudioVersion = 16.0.31911.196
MinimumVisualStudioVersion = 10.0.40219.1
Project("{FAE04EC0-301F-11D3-BF4B-00C04F79EFBC}") = "MvcMovie", "MvcMovie.csproj", "{FAC8826E-A394-480F-A688-7D92009D5042}"
EndProject
Global
	GlobalSection(SolutionConfigurationPlatforms) = preSolution
		Debug|Any CPU = Debug|Any CPU
		Release|Any CPU = Release|Any CPU
	EndGlobalSection
	GlobalSection(ProjectConfigurationPlatforms) = postSolution
		{FAC8826E-A394-480F-A688-7D92009D5042}.Debug|Any CPU.ActiveCfg = Debug|Any CPU
		{FAC8826E-A394-480F-A688-7D92009D5042}.Debug|Any CPU.Build.0 = Debug|Any CPU
		{FAC8826E-A394-480F-A688-7D92009D5042}.Release|Any CPU.ActiveCfg = Release|Any CPU
		{FAC8826E-A394-480F-A688-7D92009D5042}.Release|Any CPU.Build.0 = Release|Any CPU
	EndGlobalSection
	GlobalSection(SolutionProperties) = preSolution
		HideSolutionNode = FALSE
	EndGlobalSection
	GlobalSection(ExtensibilityGlobals) = postSolution
		SolutionGuid = {DF3E7763-7B88-44FC-8DE3-F097A49ACDE4}
	EndGlobalSection
EndGlobal
