
Microsoft Visual Studio Solution File, Format Version 12.00
# Visual Studio Version 16
VisualStudioVersion = 16.0.31702.278
MinimumVisualStudioVersion = 10.0.40219.1
Project("{FAE04EC0-301F-11D3-BF4B-00C04F79EFBC}") = "CodeLab 2", "CodeLab 2.csproj", "{0DC660D7-0FF8-45C9-9848-CED595AE308A}"
EndProject
Global
	GlobalSection(SolutionConfigurationPlatforms) = preSolution
		Debug|Any CPU = Debug|Any CPU
		Release|Any CPU = Release|Any CPU
	EndGlobalSection
	GlobalSection(ProjectConfigurationPlatforms) = postSolution
		{0DC660D7-0FF8-45C9-9848-CED595AE308A}.Debug|Any CPU.ActiveCfg = Debug|Any CPU
		{0DC660D7-0FF8-45C9-9848-CED595AE308A}.Debug|Any CPU.Build.0 = Debug|Any CPU
		{0DC660D7-0FF8-45C9-9848-CED595AE308A}.Release|Any CPU.ActiveCfg = Release|Any CPU
		{0DC660D7-0FF8-45C9-9848-CED595AE308A}.Release|Any CPU.Build.0 = Release|Any CPU
	EndGlobalSection
	GlobalSection(SolutionProperties) = preSolution
		HideSolutionNode = FALSE
	EndGlobalSection
	GlobalSection(ExtensibilityGlobals) = postSolution
		SolutionGuid = {02295AB0-1AE6-4137-87AB-C9A4337FCCD6}
	EndGlobalSection
EndGlobal
